
Microsoft Visual Studio Solution File, Format Version 12.00
# Visual Studio Version 16
VisualStudioVersion = 16.0.32510.428
MinimumVisualStudioVersion = 10.0.40219.1
Project("{FAE04EC0-301F-11D3-BF4B-00C04F79EFBC}") = "WorkToDo-2", "WorkToDo-2\WorkToDo-2.csproj", "{B3EFDADC-B0E7-4827-9337-C63BA4E14F23}"
EndProject
Global
	GlobalSection(SolutionConfigurationPlatforms) = preSolution
		Debug|Any CPU = Debug|Any CPU
		Release|Any CPU = Release|Any CPU
	EndGlobalSection
	GlobalSection(ProjectConfigurationPlatforms) = postSolution
		{B3EFDADC-B0E7-4827-9337-C63BA4E14F23}.Debug|Any CPU.ActiveCfg = Debug|Any CPU
		{B3EFDADC-B0E7-4827-9337-C63BA4E14F23}.Debug|Any CPU.Build.0 = Debug|Any CPU
		{B3EFDADC-B0E7-4827-9337-C63BA4E14F23}.Release|Any CPU.ActiveCfg = Release|Any CPU
		{B3EFDADC-B0E7-4827-9337-C63BA4E14F23}.Release|Any CPU.Build.0 = Release|Any CPU
	EndGlobalSection
	GlobalSection(SolutionProperties) = preSolution
		HideSolutionNode = FALSE
	EndGlobalSection
	GlobalSection(ExtensibilityGlobals) = postSolution
		SolutionGuid = {ACD1D112-ED92-4B5D-BEE8-0568028C6EDE}
	EndGlobalSection
EndGlobal
